{
  "name": "js",
  "lockfileVersion": 2,
  "requires": true,
  "packages": {
    "": {
      "dependencies": {
        "lodash": "^4.17.21",
        "openhab": "https://github.com/openhab/openhab-js"
      }
    },
    "node_modules/@js-joda/core": {
      "version": "4.3.1",
      "resolved": "https://registry.npmjs.org/@js-joda/core/-/core-4.3.1.tgz",
      "integrity": "sha512-oeaetlodcqVsiZDxnEcqsbs+sXBkASxua0mXs5OXuPQXz3/wdPTMlxwfQ4z2HKcOik3S9voW3QJkp/KLWDhvRQ=="
    },
    "node_modules/@js-joda/timezone": {
      "version": "2.12.0",
      "resolved": "https://registry.npmjs.org/@js-joda/timezone/-/timezone-2.12.0.tgz",
      "integrity": "sha512-1bpkGU3bh80wqR1TCpMXpgpwVs7RpIkYmq75JIGl+NRFIKEhE3qHYBtS4EFSAkVxCTZSj6b9dolr8ijq36GJEQ==",
      "peerDependencies": {
        "@js-joda/core": ">=1.11.0"
      }
    },
    "node_modules/lodash": {
      "version": "4.17.21",
      "resolved": "https://registry.npmjs.org/lodash/-/lodash-4.17.21.tgz",
      "integrity": "sha512-v2kDEe57lecTulaDIuNTPy3Ry4gLGJ6Z1O3vE1krgXZNrsQ+LFTGHVxVjcXPs17LhbZVGedAJv8XZ1tvj5FvSg=="
    },
    "node_modules/openhab": {
      "version": "1.2.2",
      "resolved": "git+ssh://git@github.com/openhab/openhab-js.git#394fb9959ce92f57766d495fb98c298276d78615",
      "license": "EPL-2.0",
      "dependencies": {
        "@js-joda/core": "^4.3.1",
        "@js-joda/timezone": "^2.11.1",
        "parse-duration": "^0.1.1"
      }
    },
    "node_modules/parse-duration": {
      "version": "0.1.3",
      "resolved": "https://registry.npmjs.org/parse-duration/-/parse-duration-0.1.3.tgz",
      "integrity": "sha512-hMOZHfUmjxO5hMKn7Eft+ckP2M4nV4yzauLXiw3PndpkASnx5r8pDAMcOAiqxoemqWjMWmz4fOHQM6n6WwETXw=="
    }
  },
  "dependencies": {
    "@js-joda/core": {
      "version": "4.3.1",
      "resolved": "https://registry.npmjs.org/@js-joda/core/-/core-4.3.1.tgz",
      "integrity": "sha512-oeaetlodcqVsiZDxnEcqsbs+sXBkASxua0mXs5OXuPQXz3/wdPTMlxwfQ4z2HKcOik3S9voW3QJkp/KLWDhvRQ=="
    },
    "@js-joda/timezone": {
      "version": "2.12.0",
      "resolved": "https://registry.npmjs.org/@js-joda/timezone/-/timezone-2.12.0.tgz",
      "integrity": "sha512-1bpkGU3bh80wqR1TCpMXpgpwVs7RpIkYmq75JIGl+NRFIKEhE3qHYBtS4EFSAkVxCTZSj6b9dolr8ijq36GJEQ==",
      "requires": {}
    },
    "lodash": {
      "version": "4.17.21",
      "resolved": "https://registry.npmjs.org/lodash/-/lodash-4.17.21.tgz",
      "integrity": "sha512-v2kDEe57lecTulaDIuNTPy3Ry4gLGJ6Z1O3vE1krgXZNrsQ+LFTGHVxVjcXPs17LhbZVGedAJv8XZ1tvj5FvSg=="
    },
    "openhab": {
      "version": "git+ssh://git@github.com/openhab/openhab-js.git#394fb9959ce92f57766d495fb98c298276d78615",
      "from": "openhab@https://github.com/openhab/openhab-js",
      "requires": {
        "@js-joda/core": "^4.3.1",
        "@js-joda/timezone": "^2.11.1",
        "parse-duration": "^0.1.1"
      }
    },
    "parse-duration": {
      "version": "0.1.3",
      "resolved": "https://registry.npmjs.org/parse-duration/-/parse-duration-0.1.3.tgz",
      "integrity": "sha512-hMOZHfUmjxO5hMKn7Eft+ckP2M4nV4yzauLXiw3PndpkASnx5r8pDAMcOAiqxoemqWjMWmz4fOHQM6n6WwETXw=="
    }
  }
}
